
Microsoft Visual Studio Solution File, Format Version 12.00
# Visual Studio 2013
VisualStudioVersion = 12.0.21005.1
MinimumVisualStudioVersion = 10.0.40219.1
Project("{2150E333-8FDC-42A3-9474-1A3956D46DE8}") = "DAL", "DAL", "{953AD61F-000F-423D-BB8B-E958ACAB9547}"
EndProject
Project("{2150E333-8FDC-42A3-9474-1A3956D46DE8}") = "BLL", "BLL", "{CE363D29-8991-4A81-AD0B-E3C0F552CAC6}"
EndProject
Project("{2150E333-8FDC-42A3-9474-1A3956D46DE8}") = "DBService", "DBService", "{78389606-327B-4FA0-86A0-533944DC8FA8}"
EndProject
Project("{2150E333-8FDC-42A3-9474-1A3956D46DE8}") = "Model", "Model", "{013B5CD0-B741-44F2-80AC-E79AE4CB0A7D}"
EndProject
Project("{2150E333-8FDC-42A3-9474-1A3956D46DE8}") = "Global", "Global", "{D9B1CED9-E5B8-4C96-AEC7-9DD2F9325379}"
EndProject
Project("{2150E333-8FDC-42A3-9474-1A3956D46DE8}") = "Utilities", "Utilities", "{C545418C-DEE8-4A8A-8598-FB5991BF063E}"
EndProject
Project("{2150E333-8FDC-42A3-9474-1A3956D46DE8}") = "MemberShipProvider", "MemberShipProvider", "{1D60DAD3-A477-4706-A2D3-EDC914B9DA86}"
EndProject
Project("{FAE04EC0-301F-11D3-BF4B-00C04F79EFBC}") = "ASPNetMDBTennis", "ASPNetMDBTennis\ASPNetMDBTennis.csproj", "{FBBC3E27-3761-4683-BA8F-D9910889AFC8}"
EndProject
Project("{FAE04EC0-301F-11D3-BF4B-00C04F79EFBC}") = "DataLayer", "DataLayer\DataLayer.csproj", "{30DF956B-4D70-4865-B8B3-DD58BDC18150}"
EndProject
Project("{FAE04EC0-301F-11D3-BF4B-00C04F79EFBC}") = "BusinessLayer", "BusinessLayer\BusinessLayer.csproj", "{D46A835C-911A-463C-A27B-0F8197826589}"
EndProject
Project("{FAE04EC0-301F-11D3-BF4B-00C04F79EFBC}") = "DBService", "DBService\DBService.csproj", "{42AFE4AA-2FBE-42E9-8002-451B84B472BE}"
EndProject
Project("{FAE04EC0-301F-11D3-BF4B-00C04F79EFBC}") = "ModelTennis", "ModelTennis\ModelTennis.csproj", "{7455281C-802F-4D08-BF00-B386257CCDF4}"
EndProject
Project("{FAE04EC0-301F-11D3-BF4B-00C04F79EFBC}") = "GlobalSite", "GlobalSite\GlobalSite.csproj", "{299A4B73-B6AF-45E0-8C86-DA3BBFBCDEF9}"
EndProject
Project("{FAE04EC0-301F-11D3-BF4B-00C04F79EFBC}") = "HaarbyTennis.Utilities", "HaarbyTennis.Utilities\HaarbyTennis.Utilities.csproj", "{694C1A76-636F-4BBE-94AB-442D9BD5A8E4}"
EndProject
Project("{FAE04EC0-301F-11D3-BF4B-00C04F79EFBC}") = "AccessMemberShipProvider", "MemberShipProvider\AccessMemberShipProvider\AccessMemberShipProvider\AccessMemberShipProvider.csproj", "{9B00F0B0-EC47-4E02-A0CC-2A68558214B7}"
EndProject
Project("{2150E333-8FDC-42A3-9474-1A3956D46DE8}") = "Deployment", "Deployment", "{96DE5925-1D5A-4E45-9F84-016A97D3C4AC}"
	ProjectSection(SolutionItems) = preProject
		Historik.txt = Historik.txt
	EndProjectSection
EndProject
Global
	GlobalSection(SolutionConfigurationPlatforms) = preSolution
		Debug|Any CPU = Debug|Any CPU
		Release|Any CPU = Release|Any CPU
	EndGlobalSection
	GlobalSection(ProjectConfigurationPlatforms) = postSolution
		{FBBC3E27-3761-4683-BA8F-D9910889AFC8}.Debug|Any CPU.ActiveCfg = Debug|Any CPU
		{FBBC3E27-3761-4683-BA8F-D9910889AFC8}.Debug|Any CPU.Build.0 = Debug|Any CPU
		{FBBC3E27-3761-4683-BA8F-D9910889AFC8}.Release|Any CPU.ActiveCfg = Release|Any CPU
		{FBBC3E27-3761-4683-BA8F-D9910889AFC8}.Release|Any CPU.Build.0 = Release|Any CPU
		{30DF956B-4D70-4865-B8B3-DD58BDC18150}.Debug|Any CPU.ActiveCfg = Debug|Any CPU
		{30DF956B-4D70-4865-B8B3-DD58BDC18150}.Debug|Any CPU.Build.0 = Debug|Any CPU
		{30DF956B-4D70-4865-B8B3-DD58BDC18150}.Release|Any CPU.ActiveCfg = Release|Any CPU
		{30DF956B-4D70-4865-B8B3-DD58BDC18150}.Release|Any CPU.Build.0 = Release|Any CPU
		{D46A835C-911A-463C-A27B-0F8197826589}.Debug|Any CPU.ActiveCfg = Debug|Any CPU
		{D46A835C-911A-463C-A27B-0F8197826589}.Debug|Any CPU.Build.0 = Debug|Any CPU
		{D46A835C-911A-463C-A27B-0F8197826589}.Release|Any CPU.ActiveCfg = Release|Any CPU
		{D46A835C-911A-463C-A27B-0F8197826589}.Release|Any CPU.Build.0 = Release|Any CPU
		{42AFE4AA-2FBE-42E9-8002-451B84B472BE}.Debug|Any CPU.ActiveCfg = Debug|Any CPU
		{42AFE4AA-2FBE-42E9-8002-451B84B472BE}.Debug|Any CPU.Build.0 = Debug|Any CPU
		{42AFE4AA-2FBE-42E9-8002-451B84B472BE}.Release|Any CPU.ActiveCfg = Release|Any CPU
		{42AFE4AA-2FBE-42E9-8002-451B84B472BE}.Release|Any CPU.Build.0 = Release|Any CPU
		{7455281C-802F-4D08-BF00-B386257CCDF4}.Debug|Any CPU.ActiveCfg = Debug|Any CPU
		{7455281C-802F-4D08-BF00-B386257CCDF4}.Debug|Any CPU.Build.0 = Debug|Any CPU
		{7455281C-802F-4D08-BF00-B386257CCDF4}.Release|Any CPU.ActiveCfg = Release|Any CPU
		{7455281C-802F-4D08-BF00-B386257CCDF4}.Release|Any CPU.Build.0 = Release|Any CPU
		{299A4B73-B6AF-45E0-8C86-DA3BBFBCDEF9}.Debug|Any CPU.ActiveCfg = Debug|Any CPU
		{299A4B73-B6AF-45E0-8C86-DA3BBFBCDEF9}.Debug|Any CPU.Build.0 = Debug|Any CPU
		{299A4B73-B6AF-45E0-8C86-DA3BBFBCDEF9}.Release|Any CPU.ActiveCfg = Release|Any CPU
		{299A4B73-B6AF-45E0-8C86-DA3BBFBCDEF9}.Release|Any CPU.Build.0 = Release|Any CPU
		{694C1A76-636F-4BBE-94AB-442D9BD5A8E4}.Debug|Any CPU.ActiveCfg = Debug|Any CPU
		{694C1A76-636F-4BBE-94AB-442D9BD5A8E4}.Debug|Any CPU.Build.0 = Debug|Any CPU
		{694C1A76-636F-4BBE-94AB-442D9BD5A8E4}.Release|Any CPU.ActiveCfg = Release|Any CPU
		{694C1A76-636F-4BBE-94AB-442D9BD5A8E4}.Release|Any CPU.Build.0 = Release|Any CPU
		{9B00F0B0-EC47-4E02-A0CC-2A68558214B7}.Debug|Any CPU.ActiveCfg = Debug|Any CPU
		{9B00F0B0-EC47-4E02-A0CC-2A68558214B7}.Debug|Any CPU.Build.0 = Debug|Any CPU
		{9B00F0B0-EC47-4E02-A0CC-2A68558214B7}.Release|Any CPU.ActiveCfg = Release|Any CPU
		{9B00F0B0-EC47-4E02-A0CC-2A68558214B7}.Release|Any CPU.Build.0 = Release|Any CPU
	EndGlobalSection
	GlobalSection(SolutionProperties) = preSolution
		HideSolutionNode = FALSE
	EndGlobalSection
	GlobalSection(NestedProjects) = preSolution
		{30DF956B-4D70-4865-B8B3-DD58BDC18150} = {953AD61F-000F-423D-BB8B-E958ACAB9547}
		{D46A835C-911A-463C-A27B-0F8197826589} = {CE363D29-8991-4A81-AD0B-E3C0F552CAC6}
		{42AFE4AA-2FBE-42E9-8002-451B84B472BE} = {78389606-327B-4FA0-86A0-533944DC8FA8}
		{7455281C-802F-4D08-BF00-B386257CCDF4} = {013B5CD0-B741-44F2-80AC-E79AE4CB0A7D}
		{299A4B73-B6AF-45E0-8C86-DA3BBFBCDEF9} = {D9B1CED9-E5B8-4C96-AEC7-9DD2F9325379}
		{694C1A76-636F-4BBE-94AB-442D9BD5A8E4} = {C545418C-DEE8-4A8A-8598-FB5991BF063E}
		{9B00F0B0-EC47-4E02-A0CC-2A68558214B7} = {1D60DAD3-A477-4706-A2D3-EDC914B9DA86}
	EndGlobalSection
EndGlobal
